
Microsoft Visual Studio Solution File, Format Version 12.00
# Visual Studio Version 16
VisualStudioVersion = 16.0.30128.74
MinimumVisualStudioVersion = 10.0.40219.1
Project("{FAE04EC0-301F-11D3-BF4B-00C04F79EFBC}") = "WpfApp", "WpfApp\WpfApp.csproj", "{E318B514-4D3C-422E-82F2-5BD51D3ED62B}"
EndProject
Project("{FAE04EC0-301F-11D3-BF4B-00C04F79EFBC}") = "WpfApp.BL", "WpfApp.BL\WpfApp.BL.csproj", "{6D46F781-B887-4D5C-9482-8D7956E1BB2C}"
EndProject
Project("{FAE04EC0-301F-11D3-BF4B-00C04F79EFBC}") = "WpfApp.Test", "WpfApp.Test\WpfApp.Test.csproj", "{2CEC492E-FD89-47A9-B0E7-1516FB46EA9E}"
EndProject
Project("{FAE04EC0-301F-11D3-BF4B-00C04F79EFBC}") = "WpfApp.HtmlParser", "WpfApp.HtmlParser\WpfApp.HtmlParser.csproj", "{2CEDC23D-F087-49B1-98CE-93A23698E8A3}"
EndProject
Global
	GlobalSection(SolutionConfigurationPlatforms) = preSolution
		Debug|Any CPU = Debug|Any CPU
		Release|Any CPU = Release|Any CPU
	EndGlobalSection
	GlobalSection(ProjectConfigurationPlatforms) = postSolution
		{E318B514-4D3C-422E-82F2-5BD51D3ED62B}.Debug|Any CPU.ActiveCfg = Debug|Any CPU
		{E318B514-4D3C-422E-82F2-5BD51D3ED62B}.Debug|Any CPU.Build.0 = Debug|Any CPU
		{E318B514-4D3C-422E-82F2-5BD51D3ED62B}.Release|Any CPU.ActiveCfg = Release|Any CPU
		{E318B514-4D3C-422E-82F2-5BD51D3ED62B}.Release|Any CPU.Build.0 = Release|Any CPU
		{6D46F781-B887-4D5C-9482-8D7956E1BB2C}.Debug|Any CPU.ActiveCfg = Debug|Any CPU
		{6D46F781-B887-4D5C-9482-8D7956E1BB2C}.Debug|Any CPU.Build.0 = Debug|Any CPU
		{6D46F781-B887-4D5C-9482-8D7956E1BB2C}.Release|Any CPU.ActiveCfg = Release|Any CPU
		{6D46F781-B887-4D5C-9482-8D7956E1BB2C}.Release|Any CPU.Build.0 = Release|Any CPU
		{2CEC492E-FD89-47A9-B0E7-1516FB46EA9E}.Debug|Any CPU.ActiveCfg = Debug|Any CPU
		{2CEC492E-FD89-47A9-B0E7-1516FB46EA9E}.Debug|Any CPU.Build.0 = Debug|Any CPU
		{2CEC492E-FD89-47A9-B0E7-1516FB46EA9E}.Release|Any CPU.ActiveCfg = Release|Any CPU
		{2CEC492E-FD89-47A9-B0E7-1516FB46EA9E}.Release|Any CPU.Build.0 = Release|Any CPU
		{2CEDC23D-F087-49B1-98CE-93A23698E8A3}.Debug|Any CPU.ActiveCfg = Debug|Any CPU
		{2CEDC23D-F087-49B1-98CE-93A23698E8A3}.Debug|Any CPU.Build.0 = Debug|Any CPU
		{2CEDC23D-F087-49B1-98CE-93A23698E8A3}.Release|Any CPU.ActiveCfg = Release|Any CPU
		{2CEDC23D-F087-49B1-98CE-93A23698E8A3}.Release|Any CPU.Build.0 = Release|Any CPU
	EndGlobalSection
	GlobalSection(SolutionProperties) = preSolution
		HideSolutionNode = FALSE
	EndGlobalSection
	GlobalSection(ExtensibilityGlobals) = postSolution
		SolutionGuid = {DD4B3819-8822-4612-9662-D2215A4FE45C}
	EndGlobalSection
EndGlobal
